
Microsoft Visual Studio Solution File, Format Version 12.00
# Visual Studio Version 17
VisualStudioVersion = 17.8.34511.84
MinimumVisualStudioVersion = 10.0.40219.1
Project("{FAE04EC0-301F-11D3-BF4B-00C04F79EFBC}") = "exemplo _ATV7", "exemplo _ATV7\exemplo _ATV7.csproj", "{8F1D2936-04B0-4B76-B4DA-135979930CAE}"
EndProject
Global
	GlobalSection(SolutionConfigurationPlatforms) = preSolution
		Debug|Any CPU = Debug|Any CPU
		Release|Any CPU = Release|Any CPU
	EndGlobalSection
	GlobalSection(ProjectConfigurationPlatforms) = postSolution
		{8F1D2936-04B0-4B76-B4DA-135979930CAE}.Debug|Any CPU.ActiveCfg = Debug|Any CPU
		{8F1D2936-04B0-4B76-B4DA-135979930CAE}.Debug|Any CPU.Build.0 = Debug|Any CPU
		{8F1D2936-04B0-4B76-B4DA-135979930CAE}.Release|Any CPU.ActiveCfg = Release|Any CPU
		{8F1D2936-04B0-4B76-B4DA-135979930CAE}.Release|Any CPU.Build.0 = Release|Any CPU
	EndGlobalSection
	GlobalSection(SolutionProperties) = preSolution
		HideSolutionNode = FALSE
	EndGlobalSection
	GlobalSection(ExtensibilityGlobals) = postSolution
		SolutionGuid = {8A9F6CBB-308C-497E-9DC1-F88A9D689F9C}
	EndGlobalSection
EndGlobal
